
Microsoft Visual Studio Solution File, Format Version 12.00
# Visual Studio 14
VisualStudioVersion = 14.0.24720.0
MinimumVisualStudioVersion = 10.0.40219.1
Project("{FAE04EC0-301F-11D3-BF4B-00C04F79EFBC}") = "Camara.Droid", "Camara\Camara.Droid\Camara.Droid.csproj", "{F8B84D13-9971-46B0-AEA7-E6B0F981AAC2}"
EndProject
Project("{FAE04EC0-301F-11D3-BF4B-00C04F79EFBC}") = "Camara.iOS", "Camara\Camara.iOS\Camara.iOS.csproj", "{5D71CEF8-AE69-4F89-A26A-4094879AD7F8}"
EndProject
Project("{FAE04EC0-301F-11D3-BF4B-00C04F79EFBC}") = "Camara.WinPhone", "Camara\Camara.WinPhone\Camara.WinPhone.csproj", "{DCABA280-FBA0-4FF7-B9AB-2857F02A360F}"
EndProject
Project("{FAE04EC0-301F-11D3-BF4B-00C04F79EFBC}") = "Camara", "Camara\Camara\Camara.csproj", "{01AF4F79-FABB-4DF7-AA03-B6B9EB0B6A8E}"
EndProject
Global
	GlobalSection(SolutionConfigurationPlatforms) = preSolution
		Ad-Hoc|Any CPU = Ad-Hoc|Any CPU
		Ad-Hoc|ARM = Ad-Hoc|ARM
		Ad-Hoc|iPhone = Ad-Hoc|iPhone
		Ad-Hoc|iPhoneSimulator = Ad-Hoc|iPhoneSimulator
		Ad-Hoc|x86 = Ad-Hoc|x86
		AppStore|Any CPU = AppStore|Any CPU
		AppStore|ARM = AppStore|ARM
		AppStore|iPhone = AppStore|iPhone
		AppStore|iPhoneSimulator = AppStore|iPhoneSimulator
		AppStore|x86 = AppStore|x86
		Debug|Any CPU = Debug|Any CPU
		Debug|ARM = Debug|ARM
		Debug|iPhone = Debug|iPhone
		Debug|iPhoneSimulator = Debug|iPhoneSimulator
		Debug|x86 = Debug|x86
		Release|Any CPU = Release|Any CPU
		Release|ARM = Release|ARM
		Release|iPhone = Release|iPhone
		Release|iPhoneSimulator = Release|iPhoneSimulator
		Release|x86 = Release|x86
	EndGlobalSection
	GlobalSection(ProjectConfigurationPlatforms) = postSolution
		{F8B84D13-9971-46B0-AEA7-E6B0F981AAC2}.Ad-Hoc|Any CPU.ActiveCfg = Release|Any CPU
		{F8B84D13-9971-46B0-AEA7-E6B0F981AAC2}.Ad-Hoc|Any CPU.Build.0 = Release|Any CPU
		{F8B84D13-9971-46B0-AEA7-E6B0F981AAC2}.Ad-Hoc|Any CPU.Deploy.0 = Release|Any CPU
		{F8B84D13-9971-46B0-AEA7-E6B0F981AAC2}.Ad-Hoc|ARM.ActiveCfg = Release|Any CPU
		{F8B84D13-9971-46B0-AEA7-E6B0F981AAC2}.Ad-Hoc|ARM.Build.0 = Release|Any CPU
		{F8B84D13-9971-46B0-AEA7-E6B0F981AAC2}.Ad-Hoc|ARM.Deploy.0 = Release|Any CPU
		{F8B84D13-9971-46B0-AEA7-E6B0F981AAC2}.Ad-Hoc|iPhone.ActiveCfg = Release|Any CPU
		{F8B84D13-9971-46B0-AEA7-E6B0F981AAC2}.Ad-Hoc|iPhone.Build.0 = Release|Any CPU
		{F8B84D13-9971-46B0-AEA7-E6B0F981AAC2}.Ad-Hoc|iPhone.Deploy.0 = Release|Any CPU
		{F8B84D13-9971-46B0-AEA7-E6B0F981AAC2}.Ad-Hoc|iPhoneSimulator.ActiveCfg = Release|Any CPU
		{F8B84D13-9971-46B0-AEA7-E6B0F981AAC2}.Ad-Hoc|iPhoneSimulator.Build.0 = Release|Any CPU
		{F8B84D13-9971-46B0-AEA7-E6B0F981AAC2}.Ad-Hoc|iPhoneSimulator.Deploy.0 = Release|Any CPU
		{F8B84D13-9971-46B0-AEA7-E6B0F981AAC2}.Ad-Hoc|x86.ActiveCfg = Release|Any CPU
		{F8B84D13-9971-46B0-AEA7-E6B0F981AAC2}.Ad-Hoc|x86.Build.0 = Release|Any CPU
		{F8B84D13-9971-46B0-AEA7-E6B0F981AAC2}.Ad-Hoc|x86.Deploy.0 = Release|Any CPU
		{F8B84D13-9971-46B0-AEA7-E6B0F981AAC2}.AppStore|Any CPU.ActiveCfg = Release|Any CPU
		{F8B84D13-9971-46B0-AEA7-E6B0F981AAC2}.AppStore|Any CPU.Build.0 = Release|Any CPU
		{F8B84D13-9971-46B0-AEA7-E6B0F981AAC2}.AppStore|Any CPU.Deploy.0 = Release|Any CPU
		{F8B84D13-9971-46B0-AEA7-E6B0F981AAC2}.AppStore|ARM.ActiveCfg = Release|Any CPU
		{F8B84D13-9971-46B0-AEA7-E6B0F981AAC2}.AppStore|ARM.Build.0 = Release|Any CPU
		{F8B84D13-9971-46B0-AEA7-E6B0F981AAC2}.AppStore|ARM.Deploy.0 = Release|Any CPU
		{F8B84D13-9971-46B0-AEA7-E6B0F981AAC2}.AppStore|iPhone.ActiveCfg = Release|Any CPU
		{F8B84D13-9971-46B0-AEA7-E6B0F981AAC2}.AppStore|iPhone.Build.0 = Release|Any CPU
		{F8B84D13-9971-46B0-AEA7-E6B0F981AAC2}.AppStore|iPhone.Deploy.0 = Release|Any CPU
		{F8B84D13-9971-46B0-AEA7-E6B0F981AAC2}.AppStore|iPhoneSimulator.ActiveCfg = Release|Any CPU
		{F8B84D13-9971-46B0-AEA7-E6B0F981AAC2}.AppStore|iPhoneSimulator.Build.0 = Release|Any CPU
		{F8B84D13-9971-46B0-AEA7-E6B0F981AAC2}.AppStore|iPhoneSimulator.Deploy.0 = Release|Any CPU
		{F8B84D13-9971-46B0-AEA7-E6B0F981AAC2}.AppStore|x86.ActiveCfg = Release|Any CPU
		{F8B84D13-9971-46B0-AEA7-E6B0F981AAC2}.AppStore|x86.Build.0 = Release|Any CPU
		{F8B84D13-9971-46B0-AEA7-E6B0F981AAC2}.AppStore|x86.Deploy.0 = Release|Any CPU
		{F8B84D13-9971-46B0-AEA7-E6B0F981AAC2}.Debug|Any CPU.ActiveCfg = Debug|Any CPU
		{F8B84D13-9971-46B0-AEA7-E6B0F981AAC2}.Debug|Any CPU.Build.0 = Debug|Any CPU
		{F8B84D13-9971-46B0-AEA7-E6B0F981AAC2}.Debug|Any CPU.Deploy.0 = Debug|Any CPU
		{F8B84D13-9971-46B0-AEA7-E6B0F981AAC2}.Debug|ARM.ActiveCfg = Debug|Any CPU
		{F8B84D13-9971-46B0-AEA7-E6B0F981AAC2}.Debug|ARM.Build.0 = Debug|Any CPU
		{F8B84D13-9971-46B0-AEA7-E6B0F981AAC2}.Debug|ARM.Deploy.0 = Debug|Any CPU
		{F8B84D13-9971-46B0-AEA7-E6B0F981AAC2}.Debug|iPhone.ActiveCfg = Debug|Any CPU
		{F8B84D13-9971-46B0-AEA7-E6B0F981AAC2}.Debug|iPhone.Build.0 = Debug|Any CPU
		{F8B84D13-9971-46B0-AEA7-E6B0F981AAC2}.Debug|iPhone.Deploy.0 = Debug|Any CPU
		{F8B84D13-9971-46B0-AEA7-E6B0F981AAC2}.Debug|iPhoneSimulator.ActiveCfg = Debug|Any CPU
		{F8B84D13-9971-46B0-AEA7-E6B0F981AAC2}.Debug|iPhoneSimulator.Build.0 = Debug|Any CPU
		{F8B84D13-9971-46B0-AEA7-E6B0F981AAC2}.Debug|iPhoneSimulator.Deploy.0 = Debug|Any CPU
		{F8B84D13-9971-46B0-AEA7-E6B0F981AAC2}.Debug|x86.ActiveCfg = Debug|Any CPU
		{F8B84D13-9971-46B0-AEA7-E6B0F981AAC2}.Debug|x86.Build.0 = Debug|Any CPU
		{F8B84D13-9971-46B0-AEA7-E6B0F981AAC2}.Debug|x86.Deploy.0 = Debug|Any CPU
		{F8B84D13-9971-46B0-AEA7-E6B0F981AAC2}.Release|Any CPU.ActiveCfg = Release|Any CPU
		{F8B84D13-9971-46B0-AEA7-E6B0F981AAC2}.Release|Any CPU.Build.0 = Release|Any CPU
		{F8B84D13-9971-46B0-AEA7-E6B0F981AAC2}.Release|Any CPU.Deploy.0 = Release|Any CPU
		{F8B84D13-9971-46B0-AEA7-E6B0F981AAC2}.Release|ARM.ActiveCfg = Release|Any CPU
		{F8B84D13-9971-46B0-AEA7-E6B0F981AAC2}.Release|ARM.Build.0 = Release|Any CPU
		{F8B84D13-9971-46B0-AEA7-E6B0F981AAC2}.Release|ARM.Deploy.0 = Release|Any CPU
		{F8B84D13-9971-46B0-AEA7-E6B0F981AAC2}.Release|iPhone.ActiveCfg = Release|Any CPU
		{F8B84D13-9971-46B0-AEA7-E6B0F981AAC2}.Release|iPhone.Build.0 = Release|Any CPU
		{F8B84D13-9971-46B0-AEA7-E6B0F981AAC2}.Release|iPhone.Deploy.0 = Release|Any CPU
		{F8B84D13-9971-46B0-AEA7-E6B0F981AAC2}.Release|iPhoneSimulator.ActiveCfg = Release|Any CPU
		{F8B84D13-9971-46B0-AEA7-E6B0F981AAC2}.Release|iPhoneSimulator.Build.0 = Release|Any CPU
		{F8B84D13-9971-46B0-AEA7-E6B0F981AAC2}.Release|iPhoneSimulator.Deploy.0 = Release|Any CPU
		{F8B84D13-9971-46B0-AEA7-E6B0F981AAC2}.Release|x86.ActiveCfg = Release|Any CPU
		{F8B84D13-9971-46B0-AEA7-E6B0F981AAC2}.Release|x86.Build.0 = Release|Any CPU
		{F8B84D13-9971-46B0-AEA7-E6B0F981AAC2}.Release|x86.Deploy.0 = Release|Any CPU
		{5D71CEF8-AE69-4F89-A26A-4094879AD7F8}.Ad-Hoc|Any CPU.ActiveCfg = Ad-Hoc|iPhone
		{5D71CEF8-AE69-4F89-A26A-4094879AD7F8}.Ad-Hoc|ARM.ActiveCfg = Ad-Hoc|iPhone
		{5D71CEF8-AE69-4F89-A26A-4094879AD7F8}.Ad-Hoc|iPhone.ActiveCfg = Ad-Hoc|iPhone
		{5D71CEF8-AE69-4F89-A26A-4094879AD7F8}.Ad-Hoc|iPhone.Build.0 = Ad-Hoc|iPhone
		{5D71CEF8-AE69-4F89-A26A-4094879AD7F8}.Ad-Hoc|iPhoneSimulator.ActiveCfg = Ad-Hoc|iPhoneSimulator
		{5D71CEF8-AE69-4F89-A26A-4094879AD7F8}.Ad-Hoc|iPhoneSimulator.Build.0 = Ad-Hoc|iPhoneSimulator
		{5D71CEF8-AE69-4F89-A26A-4094879AD7F8}.Ad-Hoc|x86.ActiveCfg = Ad-Hoc|iPhone
		{5D71CEF8-AE69-4F89-A26A-4094879AD7F8}.AppStore|Any CPU.ActiveCfg = AppStore|iPhone
		{5D71CEF8-AE69-4F89-A26A-4094879AD7F8}.AppStore|ARM.ActiveCfg = AppStore|iPhone
		{5D71CEF8-AE69-4F89-A26A-4094879AD7F8}.AppStore|iPhone.ActiveCfg = AppStore|iPhone
		{5D71CEF8-AE69-4F89-A26A-4094879AD7F8}.AppStore|iPhone.Build.0 = AppStore|iPhone
		{5D71CEF8-AE69-4F89-A26A-4094879AD7F8}.AppStore|iPhoneSimulator.ActiveCfg = AppStore|iPhoneSimulator
		{5D71CEF8-AE69-4F89-A26A-4094879AD7F8}.AppStore|iPhoneSimulator.Build.0 = AppStore|iPhoneSimulator
		{5D71CEF8-AE69-4F89-A26A-4094879AD7F8}.AppStore|x86.ActiveCfg = AppStore|iPhone
		{5D71CEF8-AE69-4F89-A26A-4094879AD7F8}.Debug|Any CPU.ActiveCfg = Debug|iPhone
		{5D71CEF8-AE69-4F89-A26A-4094879AD7F8}.Debug|ARM.ActiveCfg = Debug|iPhone
		{5D71CEF8-AE69-4F89-A26A-4094879AD7F8}.Debug|iPhone.ActiveCfg = Debug|iPhone
		{5D71CEF8-AE69-4F89-A26A-4094879AD7F8}.Debug|iPhone.Build.0 = Debug|iPhone
		{5D71CEF8-AE69-4F89-A26A-4094879AD7F8}.Debug|iPhoneSimulator.ActiveCfg = Debug|iPhoneSimulator
		{5D71CEF8-AE69-4F89-A26A-4094879AD7F8}.Debug|iPhoneSimulator.Build.0 = Debug|iPhoneSimulator
		{5D71CEF8-AE69-4F89-A26A-4094879AD7F8}.Debug|x86.ActiveCfg = Debug|iPhone
		{5D71CEF8-AE69-4F89-A26A-4094879AD7F8}.Release|Any CPU.ActiveCfg = Release|iPhone
		{5D71CEF8-AE69-4F89-A26A-4094879AD7F8}.Release|ARM.ActiveCfg = Release|iPhone
		{5D71CEF8-AE69-4F89-A26A-4094879AD7F8}.Release|iPhone.ActiveCfg = Release|iPhone
		{5D71CEF8-AE69-4F89-A26A-4094879AD7F8}.Release|iPhone.Build.0 = Release|iPhone
		{5D71CEF8-AE69-4F89-A26A-4094879AD7F8}.Release|iPhoneSimulator.ActiveCfg = Release|iPhoneSimulator
		{5D71CEF8-AE69-4F89-A26A-4094879AD7F8}.Release|iPhoneSimulator.Build.0 = Release|iPhoneSimulator
		{5D71CEF8-AE69-4F89-A26A-4094879AD7F8}.Release|x86.ActiveCfg = Release|iPhone
		{DCABA280-FBA0-4FF7-B9AB-2857F02A360F}.Ad-Hoc|Any CPU.ActiveCfg = Release|Any CPU
		{DCABA280-FBA0-4FF7-B9AB-2857F02A360F}.Ad-Hoc|Any CPU.Build.0 = Release|Any CPU
		{DCABA280-FBA0-4FF7-B9AB-2857F02A360F}.Ad-Hoc|Any CPU.Deploy.0 = Release|Any CPU
		{DCABA280-FBA0-4FF7-B9AB-2857F02A360F}.Ad-Hoc|ARM.ActiveCfg = Release|ARM
		{DCABA280-FBA0-4FF7-B9AB-2857F02A360F}.Ad-Hoc|ARM.Build.0 = Release|ARM
		{DCABA280-FBA0-4FF7-B9AB-2857F02A360F}.Ad-Hoc|ARM.Deploy.0 = Release|ARM
		{DCABA280-FBA0-4FF7-B9AB-2857F02A360F}.Ad-Hoc|iPhone.ActiveCfg = Release|Any CPU
		{DCABA280-FBA0-4FF7-B9AB-2857F02A360F}.Ad-Hoc|iPhone.Build.0 = Release|Any CPU
		{DCABA280-FBA0-4FF7-B9AB-2857F02A360F}.Ad-Hoc|iPhone.Deploy.0 = Release|Any CPU
		{DCABA280-FBA0-4FF7-B9AB-2857F02A360F}.Ad-Hoc|iPhoneSimulator.ActiveCfg = Release|Any CPU
		{DCABA280-FBA0-4FF7-B9AB-2857F02A360F}.Ad-Hoc|iPhoneSimulator.Build.0 = Release|Any CPU
		{DCABA280-FBA0-4FF7-B9AB-2857F02A360F}.Ad-Hoc|iPhoneSimulator.Deploy.0 = Release|Any CPU
		{DCABA280-FBA0-4FF7-B9AB-2857F02A360F}.Ad-Hoc|x86.ActiveCfg = Release|x86
		{DCABA280-FBA0-4FF7-B9AB-2857F02A360F}.Ad-Hoc|x86.Build.0 = Release|x86
		{DCABA280-FBA0-4FF7-B9AB-2857F02A360F}.Ad-Hoc|x86.Deploy.0 = Release|x86
		{DCABA280-FBA0-4FF7-B9AB-2857F02A360F}.AppStore|Any CPU.ActiveCfg = Release|Any CPU
		{DCABA280-FBA0-4FF7-B9AB-2857F02A360F}.AppStore|Any CPU.Build.0 = Release|Any CPU
		{DCABA280-FBA0-4FF7-B9AB-2857F02A360F}.AppStore|Any CPU.Deploy.0 = Release|Any CPU
		{DCABA280-FBA0-4FF7-B9AB-2857F02A360F}.AppStore|ARM.ActiveCfg = Release|ARM
		{DCABA280-FBA0-4FF7-B9AB-2857F02A360F}.AppStore|ARM.Build.0 = Release|ARM
		{DCABA280-FBA0-4FF7-B9AB-2857F02A360F}.AppStore|ARM.Deploy.0 = Release|ARM
		{DCABA280-FBA0-4FF7-B9AB-2857F02A360F}.AppStore|iPhone.ActiveCfg = Release|Any CPU
		{DCABA280-FBA0-4FF7-B9AB-2857F02A360F}.AppStore|iPhone.Build.0 = Release|Any CPU
		{DCABA280-FBA0-4FF7-B9AB-2857F02A360F}.AppStore|iPhone.Deploy.0 = Release|Any CPU
		{DCABA280-FBA0-4FF7-B9AB-2857F02A360F}.AppStore|iPhoneSimulator.ActiveCfg = Release|Any CPU
		{DCABA280-FBA0-4FF7-B9AB-2857F02A360F}.AppStore|iPhoneSimulator.Build.0 = Release|Any CPU
		{DCABA280-FBA0-4FF7-B9AB-2857F02A360F}.AppStore|iPhoneSimulator.Deploy.0 = Release|Any CPU
		{DCABA280-FBA0-4FF7-B9AB-2857F02A360F}.AppStore|x86.ActiveCfg = Release|x86
		{DCABA280-FBA0-4FF7-B9AB-2857F02A360F}.AppStore|x86.Build.0 = Release|x86
		{DCABA280-FBA0-4FF7-B9AB-2857F02A360F}.AppStore|x86.Deploy.0 = Release|x86
		{DCABA280-FBA0-4FF7-B9AB-2857F02A360F}.Debug|Any CPU.ActiveCfg = Debug|Any CPU
		{DCABA280-FBA0-4FF7-B9AB-2857F02A360F}.Debug|Any CPU.Build.0 = Debug|Any CPU
		{DCABA280-FBA0-4FF7-B9AB-2857F02A360F}.Debug|Any CPU.Deploy.0 = Debug|Any CPU
		{DCABA280-FBA0-4FF7-B9AB-2857F02A360F}.Debug|ARM.ActiveCfg = Debug|ARM
		{DCABA280-FBA0-4FF7-B9AB-2857F02A360F}.Debug|ARM.Build.0 = Debug|ARM
		{DCABA280-FBA0-4FF7-B9AB-2857F02A360F}.Debug|ARM.Deploy.0 = Debug|ARM
		{DCABA280-FBA0-4FF7-B9AB-2857F02A360F}.Debug|iPhone.ActiveCfg = Debug|Any CPU
		{DCABA280-FBA0-4FF7-B9AB-2857F02A360F}.Debug|iPhone.Build.0 = Debug|Any CPU
		{DCABA280-FBA0-4FF7-B9AB-2857F02A360F}.Debug|iPhone.Deploy.0 = Debug|Any CPU
		{DCABA280-FBA0-4FF7-B9AB-2857F02A360F}.Debug|iPhoneSimulator.ActiveCfg = Debug|Any CPU
		{DCABA280-FBA0-4FF7-B9AB-2857F02A360F}.Debug|iPhoneSimulator.Build.0 = Debug|Any CPU
		{DCABA280-FBA0-4FF7-B9AB-2857F02A360F}.Debug|iPhoneSimulator.Deploy.0 = Debug|Any CPU
		{DCABA280-FBA0-4FF7-B9AB-2857F02A360F}.Debug|x86.ActiveCfg = Debug|x86
		{DCABA280-FBA0-4FF7-B9AB-2857F02A360F}.Debug|x86.Build.0 = Debug|x86
		{DCABA280-FBA0-4FF7-B9AB-2857F02A360F}.Debug|x86.Deploy.0 = Debug|x86
		{DCABA280-FBA0-4FF7-B9AB-2857F02A360F}.Release|Any CPU.ActiveCfg = Release|Any CPU
		{DCABA280-FBA0-4FF7-B9AB-2857F02A360F}.Release|Any CPU.Build.0 = Release|Any CPU
		{DCABA280-FBA0-4FF7-B9AB-2857F02A360F}.Release|Any CPU.Deploy.0 = Release|Any CPU
		{DCABA280-FBA0-4FF7-B9AB-2857F02A360F}.Release|ARM.ActiveCfg = Release|ARM
		{DCABA280-FBA0-4FF7-B9AB-2857F02A360F}.Release|ARM.Build.0 = Release|ARM
		{DCABA280-FBA0-4FF7-B9AB-2857F02A360F}.Release|ARM.Deploy.0 = Release|ARM
		{DCABA280-FBA0-4FF7-B9AB-2857F02A360F}.Release|iPhone.ActiveCfg = Release|Any CPU
		{DCABA280-FBA0-4FF7-B9AB-2857F02A360F}.Release|iPhone.Build.0 = Release|Any CPU
		{DCABA280-FBA0-4FF7-B9AB-2857F02A360F}.Release|iPhone.Deploy.0 = Release|Any CPU
		{DCABA280-FBA0-4FF7-B9AB-2857F02A360F}.Release|iPhoneSimulator.ActiveCfg = Release|Any CPU
		{DCABA280-FBA0-4FF7-B9AB-2857F02A360F}.Release|iPhoneSimulator.Build.0 = Release|Any CPU
		{DCABA280-FBA0-4FF7-B9AB-2857F02A360F}.Release|iPhoneSimulator.Deploy.0 = Release|Any CPU
		{DCABA280-FBA0-4FF7-B9AB-2857F02A360F}.Release|x86.ActiveCfg = Release|x86
		{DCABA280-FBA0-4FF7-B9AB-2857F02A360F}.Release|x86.Build.0 = Release|x86
		{DCABA280-FBA0-4FF7-B9AB-2857F02A360F}.Release|x86.Deploy.0 = Release|x86
		{01AF4F79-FABB-4DF7-AA03-B6B9EB0B6A8E}.Ad-Hoc|Any CPU.ActiveCfg = Release|Any CPU
		{01AF4F79-FABB-4DF7-AA03-B6B9EB0B6A8E}.Ad-Hoc|Any CPU.Build.0 = Release|Any CPU
		{01AF4F79-FABB-4DF7-AA03-B6B9EB0B6A8E}.Ad-Hoc|ARM.ActiveCfg = Release|Any CPU
		{01AF4F79-FABB-4DF7-AA03-B6B9EB0B6A8E}.Ad-Hoc|ARM.Build.0 = Release|Any CPU
		{01AF4F79-FABB-4DF7-AA03-B6B9EB0B6A8E}.Ad-Hoc|iPhone.ActiveCfg = Release|Any CPU
		{01AF4F79-FABB-4DF7-AA03-B6B9EB0B6A8E}.Ad-Hoc|iPhone.Build.0 = Release|Any CPU
		{01AF4F79-FABB-4DF7-AA03-B6B9EB0B6A8E}.Ad-Hoc|iPhoneSimulator.ActiveCfg = Release|Any CPU
		{01AF4F79-FABB-4DF7-AA03-B6B9EB0B6A8E}.Ad-Hoc|iPhoneSimulator.Build.0 = Release|Any CPU
		{01AF4F79-FABB-4DF7-AA03-B6B9EB0B6A8E}.Ad-Hoc|x86.ActiveCfg = Release|Any CPU
		{01AF4F79-FABB-4DF7-AA03-B6B9EB0B6A8E}.Ad-Hoc|x86.Build.0 = Release|Any CPU
		{01AF4F79-FABB-4DF7-AA03-B6B9EB0B6A8E}.AppStore|Any CPU.ActiveCfg = Release|Any CPU
		{01AF4F79-FABB-4DF7-AA03-B6B9EB0B6A8E}.AppStore|Any CPU.Build.0 = Release|Any CPU
		{01AF4F79-FABB-4DF7-AA03-B6B9EB0B6A8E}.AppStore|ARM.ActiveCfg = Release|Any CPU
		{01AF4F79-FABB-4DF7-AA03-B6B9EB0B6A8E}.AppStore|ARM.Build.0 = Release|Any CPU
		{01AF4F79-FABB-4DF7-AA03-B6B9EB0B6A8E}.AppStore|iPhone.ActiveCfg = Release|Any CPU
		{01AF4F79-FABB-4DF7-AA03-B6B9EB0B6A8E}.AppStore|iPhone.Build.0 = Release|Any CPU
		{01AF4F79-FABB-4DF7-AA03-B6B9EB0B6A8E}.AppStore|iPhoneSimulator.ActiveCfg = Release|Any CPU
		{01AF4F79-FABB-4DF7-AA03-B6B9EB0B6A8E}.AppStore|iPhoneSimulator.Build.0 = Release|Any CPU
		{01AF4F79-FABB-4DF7-AA03-B6B9EB0B6A8E}.AppStore|x86.ActiveCfg = Release|Any CPU
		{01AF4F79-FABB-4DF7-AA03-B6B9EB0B6A8E}.AppStore|x86.Build.0 = Release|Any CPU
		{01AF4F79-FABB-4DF7-AA03-B6B9EB0B6A8E}.Debug|Any CPU.ActiveCfg = Debug|Any CPU
		{01AF4F79-FABB-4DF7-AA03-B6B9EB0B6A8E}.Debug|Any CPU.Build.0 = Debug|Any CPU
		{01AF4F79-FABB-4DF7-AA03-B6B9EB0B6A8E}.Debug|ARM.ActiveCfg = Debug|Any CPU
		{01AF4F79-FABB-4DF7-AA03-B6B9EB0B6A8E}.Debug|ARM.Build.0 = Debug|Any CPU
		{01AF4F79-FABB-4DF7-AA03-B6B9EB0B6A8E}.Debug|iPhone.ActiveCfg = Debug|Any CPU
		{01AF4F79-FABB-4DF7-AA03-B6B9EB0B6A8E}.Debug|iPhone.Build.0 = Debug|Any CPU
		{01AF4F79-FABB-4DF7-AA03-B6B9EB0B6A8E}.Debug|iPhoneSimulator.ActiveCfg = Debug|Any CPU
		{01AF4F79-FABB-4DF7-AA03-B6B9EB0B6A8E}.Debug|iPhoneSimulator.Build.0 = Debug|Any CPU
		{01AF4F79-FABB-4DF7-AA03-B6B9EB0B6A8E}.Debug|x86.ActiveCfg = Debug|Any CPU
		{01AF4F79-FABB-4DF7-AA03-B6B9EB0B6A8E}.Debug|x86.Build.0 = Debug|Any CPU
		{01AF4F79-FABB-4DF7-AA03-B6B9EB0B6A8E}.Release|Any CPU.ActiveCfg = Release|Any CPU
		{01AF4F79-FABB-4DF7-AA03-B6B9EB0B6A8E}.Release|Any CPU.Build.0 = Release|Any CPU
		{01AF4F79-FABB-4DF7-AA03-B6B9EB0B6A8E}.Release|ARM.ActiveCfg = Release|Any CPU
		{01AF4F79-FABB-4DF7-AA03-B6B9EB0B6A8E}.Release|ARM.Build.0 = Release|Any CPU
		{01AF4F79-FABB-4DF7-AA03-B6B9EB0B6A8E}.Release|iPhone.ActiveCfg = Release|Any CPU
		{01AF4F79-FABB-4DF7-AA03-B6B9EB0B6A8E}.Release|iPhone.Build.0 = Release|Any CPU
		{01AF4F79-FABB-4DF7-AA03-B6B9EB0B6A8E}.Release|iPhoneSimulator.ActiveCfg = Release|Any CPU
		{01AF4F79-FABB-4DF7-AA03-B6B9EB0B6A8E}.Release|iPhoneSimulator.Build.0 = Release|Any CPU
		{01AF4F79-FABB-4DF7-AA03-B6B9EB0B6A8E}.Release|x86.ActiveCfg = Release|Any CPU
		{01AF4F79-FABB-4DF7-AA03-B6B9EB0B6A8E}.Release|x86.Build.0 = Release|Any CPU
	EndGlobalSection
	GlobalSection(SolutionProperties) = preSolution
		HideSolutionNode = FALSE
	EndGlobalSection
EndGlobal
